# Generated by pub
# See http://pub.dartlang.org/doc/glossary.html#lockfile
packages:
  bson:
    description: bson
    source: hosted
    version: "0.1.23"
  crypto:
    description: crypto
    source: hosted
    version: "0.9.0"
  fixnum:
    description: fixnum
    source: hosted
    version: "0.9.1+2"
  json_object:
    description: json_object
    source: hosted
    version: "1.0.19"
  logging:
    description: logging
    source: hosted
    version: "0.9.3"
  mongo_dart:
    description: mongo_dart
    source: hosted
    version: "0.1.46"
  mongo_dart_query:
    description: mongo_dart_query
    source: hosted
    version: "0.1.14"
  more:
    description: more
    source: hosted
    version: "1.4.0"
